// !$*UTF8*$!
{
	archiveVersion = 1;
	classes = {
	};
	objectVersion = 46;
	objects = {

/* Begin PBXBuildFile section */
		47FA71781A77CC7300096F0C /* main.m in Sources */ = {isa = PBXBuildFile; fileRef = 47FA71771A77CC7300096F0C /* main.m */; };
		47FA717B1A77CC7300096F0C /* AppDelegate.m in Sources */ = {isa = PBXBuildFile; fileRef = 47FA717A1A77CC7300096F0C /* AppDelegate.m */; };
		47FA717E1A77CC7300096F0C /* ViewController.m in Sources */ = {isa = PBXBuildFile; fileRef = 47FA717D1A77CC7300096F0C /* ViewController.m */; };
		47FA71811A77CC7300096F0C /* Main.storyboard in Resources */ = {isa = PBXBuildFile; fileRef = 47FA717F1A77CC7300096F0C /* Main.storyboard */; };
		47FA71831A77CC7300096F0C /* Images.xcassets in Resources */ = {isa = PBXBuildFile; fileRef = 47FA71821A77CC7300096F0C /* Images.xcassets */; };
		47FA71861A77CC7300096F0C /* LaunchScreen.xib in Resources */ = {isa = PBXBuildFile; fileRef = 47FA71841A77CC7300096F0C /* LaunchScreen.xib */; };
		47FA71921A77CC7400096F0C /* ____________Tests.m in Sources */ = {isa = PBXBuildFile; fileRef = 47FA71911A77CC7400096F0C /* ____________Tests.m */; };
/* End PBXBuildFile section */

/* Begin PBXContainerItemProxy section */
		47FA718C1A77CC7400096F0C /* PBXContainerItemProxy */ = {
			isa = PBXContainerItemProxy;
			containerPortal = 47FA716A1A77CC7300096F0C /* Project object */;
			proxyType = 1;
			remoteGlobalIDString = 47FA71711A77CC7300096F0C;
			remoteInfo = "تعطیلی مدارس";
		};
/* End PBXContainerItemProxy section */

/* Begin PBXFileReference section */
		47FA71721A77CC7300096F0C /* تعطیلی مدارس.app */ = {isa = PBXFileReference; explicitFileType = wrapper.application; includeInIndex = 0; path = "تعطیلی مدارس.app"; sourceTree = BUILT_PRODUCTS_DIR; };
		47FA71761A77CC7300096F0C /* Info.plist */ = {isa = PBXFileReference; lastKnownFileType = text.plist.xml; path = Info.plist; sourceTree = "<group>"; };
		47FA71771A77CC7300096F0C /* main.m */ = {isa = PBXFileReference; lastKnownFileType = sourcecode.c.objc; path = main.m; sourceTree = "<group>"; };
		47FA71791A77CC7300096F0C /* AppDelegate.h */ = {isa = PBXFileReference; lastKnownFileType = sourcecode.c.h; path = AppDelegate.h; sourceTree = "<group>"; };
		47FA717A1A77CC7300096F0C /* AppDelegate.m */ = {isa = PBXFileReference; lastKnownFileType = sourcecode.c.objc; path = AppDelegate.m; sourceTree = "<group>"; };
		47FA717C1A77CC7300096F0C /* ViewController.h */ = {isa = PBXFileReference; lastKnownFileType = sourcecode.c.h; path = ViewController.h; sourceTree = "<group>"; };
		47FA717D1A77CC7300096F0C /* ViewController.m */ = {isa = PBXFileReference; lastKnownFileType = sourcecode.c.objc; path = ViewController.m; sourceTree = "<group>"; };
		47FA71801A77CC7300096F0C /* Base */ = {isa = PBXFileReference; lastKnownFileType = file.storyboard; name = Base; path = Base.lproj/Main.storyboard; sourceTree = "<group>"; };
		47FA71821A77CC7300096F0C /* Images.xcassets */ = {isa = PBXFileReference; lastKnownFileType = folder.assetcatalog; path = Images.xcassets; sourceTree = "<group>"; };
		47FA71851A77CC7300096F0C /* Base */ = {isa = PBXFileReference; lastKnownFileType = file.xib; name = Base; path = Base.lproj/LaunchScreen.xib; sourceTree = "<group>"; };
		47FA718B1A77CC7400096F0C /* تعطیلی مدارسTests.xctest */ = {isa = PBXFileReference; explicitFileType = wrapper.cfbundle; includeInIndex = 0; path = "تعطیلی مدارسTests.xctest"; sourceTree = BUILT_PRODUCTS_DIR; };
		47FA71901A77CC7400096F0C /* Info.plist */ = {isa = PBXFileReference; lastKnownFileType = text.plist.xml; path = Info.plist; sourceTree = "<group>"; };
		47FA71911A77CC7400096F0C /* ____________Tests.m */ = {isa = PBXFileReference; lastKnownFileType = sourcecode.c.objc; path = "____________Tests.m"; sourceTree = "<group>"; };
/* End PBXFileReference section */

/* Begin PBXFrameworksBuildPhase section */
		47FA716F1A77CC7300096F0C /* Frameworks */ = {
			isa = PBXFrameworksBuildPhase;
			buildActionMask = 2147483647;
			files = (
			);
			runOnlyForDeploymentPostprocessing = 0;
		};
		47FA71881A77CC7400096F0C /* Frameworks */ = {
			isa = PBXFrameworksBuildPhase;
			buildActionMask = 2147483647;
			files = (
			);
			runOnlyForDeploymentPostprocessing = 0;
		};
/* End PBXFrameworksBuildPhase section */

/* Begin PBXGroup section */
		47FA71691A77CC7300096F0C = {
			isa = PBXGroup;
			children = (
				47FA71741A77CC7300096F0C /* تعطیلی مدارس */,
				47FA718E1A77CC7400096F0C /* تعطیلی مدارسTests */,
				47FA71731A77CC7300096F0C /* Products */,
			);
			sourceTree = "<group>";
		};
		47FA71731A77CC7300096F0C /* Products */ = {
			isa = PBXGroup;
			children = (
				47FA71721A77CC7300096F0C /* تعطیلی مدارس.app */,
				47FA718B1A77CC7400096F0C /* تعطیلی مدارسTests.xctest */,
			);
			name = Products;
			sourceTree = "<group>";
		};
		47FA71741A77CC7300096F0C /* تعطیلی مدارس */ = {
			isa = PBXGroup;
			children = (
				47FA71791A77CC7300096F0C /* AppDelegate.h */,
				47FA717A1A77CC7300096F0C /* AppDelegate.m */,
				47FA717C1A77CC7300096F0C /* ViewController.h */,
				47FA717D1A77CC7300096F0C /* ViewController.m */,
				47FA717F1A77CC7300096F0C /* Main.storyboard */,
				47FA71821A77CC7300096F0C /* Images.xcassets */,
				47FA71841A77CC7300096F0C /* LaunchScreen.xib */,
				47FA71751A77CC7300096F0C /* Supporting Files */,
			);
			path = "تعطیلی مدارس";
			sourceTree = "<group>";
		};
		47FA71751A77CC7300096F0C /* Supporting Files */ = {
			isa = PBXGroup;
			children = (
				47FA71761A77CC7300096F0C /* Info.plist */,
				47FA71771A77CC7300096F0C /* main.m */,
			);
			name = "Supporting Files";
			sourceTree = "<group>";
		};
		47FA718E1A77CC7400096F0C /* تعطیلی مدارسTests */ = {
			isa = PBXGroup;
			children = (
				47FA71911A77CC7400096F0C /* ____________Tests.m */,
				47FA718F1A77CC7400096F0C /* Supporting Files */,
			);
			path = "تعطیلی مدارسTests";
			sourceTree = "<group>";
		};
		47FA718F1A77CC7400096F0C /* Supporting Files */ = {
			isa = PBXGroup;
			children = (
				47FA71901A77CC7400096F0C /* Info.plist */,
			);
			name = "Supporting Files";
			sourceTree = "<group>";
		};
/* End PBXGroup section */

/* Begin PBXNativeTarget section */
		47FA71711A77CC7300096F0C /* تعطیلی مدارس */ = {
			isa = PBXNativeTarget;
			buildConfigurationList = 47FA71951A77CC7400096F0C /* Build configuration list for PBXNativeTarget "تعطیلی مدارس" */;
			buildPhases = (
				47FA716E1A77CC7300096F0C /* Sources */,
				47FA716F1A77CC7300096F0C /* Frameworks */,
				47FA71701A77CC7300096F0C /* Resources */,
			);
			buildRules = (
			);
			dependencies = (
			);
			name = "تعطیلی مدارس";
			productName = "تعطیلی مدارس";
			productReference = 47FA71721A77CC7300096F0C /* تعطیلی مدارس.app */;
			productType = "com.apple.product-type.application";
		};
		47FA718A1A77CC7400096F0C /* تعطیلی مدارسTests */ = {
			isa = PBXNativeTarget;
			buildConfigurationList = 47FA71981A77CC7400096F0C /* Build configuration list for PBXNativeTarget "تعطیلی مدارسTests" */;
			buildPhases = (
				47FA71871A77CC7400096F0C /* Sources */,
				47FA71881A77CC7400096F0C /* Frameworks */,
				47FA71891A77CC7400096F0C /* Resources */,
			);
			buildRules = (
			);
			dependencies = (
				47FA718D1A77CC7400096F0C /* PBXTargetDependency */,
			);
			name = "تعطیلی مدارسTests";
			productName = "تعطیلی مدارسTests";
			productReference = 47FA718B1A77CC7400096F0C /* تعطیلی مدارسTests.xctest */;
			productType = "com.apple.product-type.bundle.unit-test";
		};
/* End PBXNativeTarget section */

/* Begin PBXProject section */
		47FA716A1A77CC7300096F0C /* Project object */ = {
			isa = PBXProject;
			attributes = {
				LastUpgradeCheck = 0610;
				ORGANIZATIONNAME = "Amyr Farsad";
				TargetAttributes = {
					47FA71711A77CC7300096F0C = {
						CreatedOnToolsVersion = 6.1;
					};
					47FA718A1A77CC7400096F0C = {
						CreatedOnToolsVersion = 6.1;
						TestTargetID = 47FA71711A77CC7300096F0C;
					};
				};
			};
			buildConfigurationList = 47FA716D1A77CC7300096F0C /* Build configuration list for PBXProject "تعطیلی مدارس" */;
			compatibilityVersion = "Xcode 3.2";
			developmentRegion = English;
			hasScannedForEncodings = 0;
			knownRegions = (
				en,
				Base,
			);
			mainGroup = 47FA71691A77CC7300096F0C;
			productRefGroup = 47FA71731A77CC7300096F0C /* Products */;
			projectDirPath = "";
			projectRoot = "";
			targets = (
				47FA71711A77CC7300096F0C /* تعطیلی مدارس */,
				47FA718A1A77CC7400096F0C /* تعطیلی مدارسTests */,
			);
		};
/* End PBXProject section */

/* Begin PBXResourcesBuildPhase section */
		47FA71701A77CC7300096F0C /* Resources */ = {
			isa = PBXResourcesBuildPhase;
			buildActionMask = 2147483647;
			files = (
				47FA71811A77CC7300096F0C /* Main.storyboard in Resources */,
				47FA71861A77CC7300096F0C /* LaunchScreen.xib in Resources */,
				47FA71831A77CC7300096F0C /* Images.xcassets in Resources */,
			);
			runOnlyForDeploymentPostprocessing = 0;
		};
		47FA71891A77CC7400096F0C /* Resources */ = {
			isa = PBXResourcesBuildPhase;
			buildActionMask = 2147483647;
			files = (
			);
			runOnlyForDeploymentPostprocessing = 0;
		};
/* End PBXResourcesBuildPhase section */

/* Begin PBXSourcesBuildPhase section */
		47FA716E1A77CC7300096F0C /* Sources */ = {
			isa = PBXSourcesBuildPhase;
			buildActionMask = 2147483647;
			files = (
				47FA717E1A77CC7300096F0C /* ViewController.m in Sources */,
				47FA717B1A77CC7300096F0C /* AppDelegate.m in Sources */,
				47FA71781A77CC7300096F0C /* main.m in Sources */,
			);
			runOnlyForDeploymentPostprocessing = 0;
		};
		47FA71871A77CC7400096F0C /* Sources */ = {
			isa = PBXSourcesBuildPhase;
			buildActionMask = 2147483647;
			files = (
				47FA71921A77CC7400096F0C /* ____________Tests.m in Sources */,
			);
			runOnlyForDeploymentPostprocessing = 0;
		};
/* End PBXSourcesBuildPhase section */

/* Begin PBXTargetDependency section */
		47FA718D1A77CC7400096F0C /* PBXTargetDependency */ = {
			isa = PBXTargetDependency;
			target = 47FA71711A77CC7300096F0C /* تعطیلی مدارس */;
			targetProxy = 47FA718C1A77CC7400096F0C /* PBXContainerItemProxy */;
		};
/* End PBXTargetDependency section */

/* Begin PBXVariantGroup section */
		47FA717F1A77CC7300096F0C /* Main.storyboard */ = {
			isa = PBXVariantGroup;
			children = (
				47FA71801A77CC7300096F0C /* Base */,
			);
			name = Main.storyboard;
			sourceTree = "<group>";
		};
		47FA71841A77CC7300096F0C /* LaunchScreen.xib */ = {
			isa = PBXVariantGroup;
			children = (
				47FA71851A77CC7300096F0C /* Base */,
			);
			name = LaunchScreen.xib;
			sourceTree = "<group>";
		};
/* End PBXVariantGroup section */

/* Begin XCBuildConfiguration section */
		47FA71931A77CC7400096F0C /* Debug */ = {
			isa = XCBuildConfiguration;
			buildSettings = {
				ALWAYS_SEARCH_USER_PATHS = NO;
				CLANG_CXX_LANGUAGE_STANDARD = "gnu++0x";
				CLANG_CXX_LIBRARY = "libc++";
				CLANG_ENABLE_MODULES = YES;
				CLANG_ENABLE_OBJC_ARC = YES;
				CLANG_WARN_BOOL_CONVERSION = YES;
				CLANG_WARN_CONSTANT_CONVERSION = YES;
				CLANG_WARN_DIRECT_OBJC_ISA_USAGE = YES_ERROR;
				CLANG_WARN_EMPTY_BODY = YES;
				CLANG_WARN_ENUM_CONVERSION = YES;
				CLANG_WARN_INT_CONVERSION = YES;
				CLANG_WARN_OBJC_ROOT_CLASS = YES_ERROR;
				CLANG_WARN_UNREACHABLE_CODE = YES;
				CLANG_WARN__DUPLICATE_METHOD_MATCH = YES;
				"CODE_SIGN_IDENTITY[sdk=iphoneos*]" = "iPhone Developer";
				COPY_PHASE_STRIP = NO;
				ENABLE_STRICT_OBJC_MSGSEND = YES;
				GCC_C_LANGUAGE_STANDARD = gnu99;
				GCC_DYNAMIC_NO_PIC = NO;
				GCC_OPTIMIZATION_LEVEL = 0;
				GCC_PREPROCESSOR_DEFINITIONS = (
					"DEBUG=1",
					"$(inherited)",
				);
				GCC_SYMBOLS_PRIVATE_EXTERN = NO;
				GCC_WARN_64_TO_32_BIT_CONVERSION = YES;
				GCC_WARN_ABOUT_RETURN_TYPE = YES_ERROR;
				GCC_WARN_UNDECLARED_SELECTOR = YES;
				GCC_WARN_UNINITIALIZED_AUTOS = YES_AGGRESSIVE;
				GCC_WARN_UNUSED_FUNCTION = YES;
				GCC_WARN_UNUSED_VARIABLE = YES;
				IPHONEOS_DEPLOYMENT_TARGET = 8.1;
				MTL_ENABLE_DEBUG_INFO = YES;
				ONLY_ACTIVE_ARCH = YES;
				SDKROOT = iphoneos;
			};
			name = Debug;
		};
		47FA71941A77CC7400096F0C /* Release */ = {
			isa = XCBuildConfiguration;
			buildSettings = {
				ALWAYS_SEARCH_USER_PATHS = NO;
				CLANG_CXX_LANGUAGE_STANDARD = "gnu++0x";
				CLANG_CXX_LIBRARY = "libc++";
				CLANG_ENABLE_MODULES = YES;
				CLANG_ENABLE_OBJC_ARC = YES;
				CLANG_WARN_BOOL_CONVERSION = YES;
				CLANG_WARN_CONSTANT_CONVERSION = YES;
				CLANG_WARN_DIRECT_OBJC_ISA_USAGE = YES_ERROR;
				CLANG_WARN_EMPTY_BODY = YES;
				CLANG_WARN_ENUM_CONVERSION = YES;
				CLANG_WARN_INT_CONVERSION = YES;
				CLANG_WARN_OBJC_ROOT_CLASS = YES_ERROR;
				CLANG_WARN_UNREACHABLE_CODE = YES;
				CLANG_WARN__DUPLICATE_METHOD_MATCH = YES;
				"CODE_SIGN_IDENTITY[sdk=iphoneos*]" = "iPhone Developer";
				COPY_PHASE_STRIP = YES;
				ENABLE_NS_ASSERTIONS = NO;
				ENABLE_STRICT_OBJC_MSGSEND = YES;
				GCC_C_LANGUAGE_STANDARD = gnu99;
				GCC_WARN_64_TO_32_BIT_CONVERSION = YES;
				GCC_WARN_ABOUT_RETURN_TYPE = YES_ERROR;
				GCC_WARN_UNDECLARED_SELECTOR = YES;
				GCC_WARN_UNINITIALIZED_AUTOS = YES_AGGRESSIVE;
				GCC_WARN_UNUSED_FUNCTION = YES;
				GCC_WARN_UNUSED_VARIABLE = YES;
				IPHONEOS_DEPLOYMENT_TARGET = 8.1;
				MTL_ENABLE_DEBUG_INFO = NO;
				SDKROOT = iphoneos;
				VALIDATE_PRODUCT = YES;
			};
			name = Release;
		};
		47FA71961A77CC7400096F0C /* Debug */ = {
			isa = XCBuildConfiguration;
			buildSettings = {
				ASSETCATALOG_COMPILER_APPICON_NAME = AppIcon;
				INFOPLIST_FILE = "تعطیلی مدارس/Info.plist";
				LD_RUNPATH_SEARCH_PATHS = "$(inherited) @executable_path/Frameworks";
				PRODUCT_NAME = "$(TARGET_NAME)";
			};
			name = Debug;
		};
		47FA71971A77CC7400096F0C /* Release */ = {
			isa = XCBuildConfiguration;
			buildSettings = {
				ASSETCATALOG_COMPILER_APPICON_NAME = AppIcon;
				INFOPLIST_FILE = "تعطیلی مدارس/Info.plist";
				LD_RUNPATH_SEARCH_PATHS = "$(inherited) @executable_path/Frameworks";
				PRODUCT_NAME = "$(TARGET_NAME)";
			};
			name = Release;
		};
		47FA71991A77CC7400096F0C /* Debug */ = {
			isa = XCBuildConfiguration;
			buildSettings = {
				BUNDLE_LOADER = "$(TEST_HOST)";
				FRAMEWORK_SEARCH_PATHS = (
					"$(SDKROOT)/Developer/Library/Frameworks",
					"$(inherited)",
				);
				GCC_PREPROCESSOR_DEFINITIONS = (
					"DEBUG=1",
					"$(inherited)",
				);
				INFOPLIST_FILE = "تعطیلی مدارسTests/Info.plist";
				LD_RUNPATH_SEARCH_PATHS = "$(inherited) @executable_path/Frameworks @loader_path/Frameworks";
				PRODUCT_NAME = "$(TARGET_NAME)";
				TEST_HOST = "$(BUILT_PRODUCTS_DIR)/تعطیلی مدارس.app/تعطیلی مدارس";
			};
			name = Debug;
		};
		47FA719A1A77CC7400096F0C /* Release */ = {
			isa = XCBuildConfiguration;
			buildSettings = {
				BUNDLE_LOADER = "$(TEST_HOST)";
				FRAMEWORK_SEARCH_PATHS = (
					"$(SDKROOT)/Developer/Library/Frameworks",
					"$(inherited)",
				);
				INFOPLIST_FILE = "تعطیلی مدارسTests/Info.plist";
				LD_RUNPATH_SEARCH_PATHS = "$(inherited) @executable_path/Frameworks @loader_path/Frameworks";
				PRODUCT_NAME = "$(TARGET_NAME)";
				TEST_HOST = "$(BUILT_PRODUCTS_DIR)/تعطیلی مدارس.app/تعطیلی مدارس";
			};
			name = Release;
		};
/* End XCBuildConfiguration section */

/* Begin XCConfigurationList section */
		47FA716D1A77CC7300096F0C /* Build configuration list for PBXProject "تعطیلی مدارس" */ = {
			isa = XCConfigurationList;
			buildConfigurations = (
				47FA71931A77CC7400096F0C /* Debug */,
				47FA71941A77CC7400096F0C /* Release */,
			);
			defaultConfigurationIsVisible = 0;
			defaultConfigurationName = Release;
		};
		47FA71951A77CC7400096F0C /* Build configuration list for PBXNativeTarget "تعطیلی مدارس" */ = {
			isa = XCConfigurationList;
			buildConfigurations = (
				47FA71961A77CC7400096F0C /* Debug */,
				47FA71971A77CC7400096F0C /* Release */,
			);
			defaultConfigurationIsVisible = 0;
		};
		47FA71981A77CC7400096F0C /* Build configuration list for PBXNativeTarget "تعطیلی مدارسTests" */ = {
			isa = XCConfigurationList;
			buildConfigurations = (
				47FA71991A77CC7400096F0C /* Debug */,
				47FA719A1A77CC7400096F0C /* Release */,
			);
			defaultConfigurationIsVisible = 0;
		};
/* End XCConfigurationList section */
	};
	rootObject = 47FA716A1A77CC7300096F0C /* Project object */;
}
